// !$*UTF8*$!
{
	archiveVersion = 1;
	classes = {
	};
	objectVersion = 56;
	objects = {

/* Begin PBXBuildFile section */
		1800B40E29C7A831008B37E1 /* AppDelegate.swift in Sources */ = {isa = PBXBuildFile; fileRef = 1800B40D29C7A831008B37E1 /* AppDelegate.swift */; };
		1800B41029C7A831008B37E1 /* SceneDelegate.swift in Sources */ = {isa = PBXBuildFile; fileRef = 1800B40F29C7A831008B37E1 /* SceneDelegate.swift */; };
		1800B41229C7A831008B37E1 /* ViewController.swift in Sources */ = {isa = PBXBuildFile; fileRef = 1800B41129C7A831008B37E1 /* ViewController.swift */; };
		1800B41529C7A831008B37E1 /* Main.storyboard in Resources */ = {isa = PBXBuildFile; fileRef = 1800B41329C7A831008B37E1 /* Main.storyboard */; };
		1800B41729C7A832008B37E1 /* Assets.xcassets in Resources */ = {isa = PBXBuildFile; fileRef = 1800B41629C7A832008B37E1 /* Assets.xcassets */; };
		1800B41A29C7A832008B37E1 /* LaunchScreen.storyboard in Resources */ = {isa = PBXBuildFile; fileRef = 1800B41829C7A832008B37E1 /* LaunchScreen.storyboard */; };
		1800B42529C7A832008B37E1 /* BooneMadLib2Tests.swift in Sources */ = {isa = PBXBuildFile; fileRef = 1800B42429C7A832008B37E1 /* BooneMadLib2Tests.swift */; };
		1800B42F29C7A832008B37E1 /* BooneMadLib2UITests.swift in Sources */ = {isa = PBXBuildFile; fileRef = 1800B42E29C7A832008B37E1 /* BooneMadLib2UITests.swift */; };
		1800B43129C7A832008B37E1 /* BooneMadLib2UITestsLaunchTests.swift in Sources */ = {isa = PBXBuildFile; fileRef = 1800B43029C7A832008B37E1 /* BooneMadLib2UITestsLaunchTests.swift */; };
/* End PBXBuildFile section */

/* Begin PBXContainerItemProxy section */
		1800B42129C7A832008B37E1 /* PBXContainerItemProxy */ = {
			isa = PBXContainerItemProxy;
			containerPortal = 1800B40229C7A831008B37E1 /* Project object */;
			proxyType = 1;
			remoteGlobalIDString = 1800B40929C7A831008B37E1;
			remoteInfo = BooneMadLib2;
		};
		1800B42B29C7A832008B37E1 /* PBXContainerItemProxy */ = {
			isa = PBXContainerItemProxy;
			containerPortal = 1800B40229C7A831008B37E1 /* Project object */;
			proxyType = 1;
			remoteGlobalIDString = 1800B40929C7A831008B37E1;
			remoteInfo = BooneMadLib2;
		};
/* End PBXContainerItemProxy section */

/* Begin PBXFileReference section */
		1800B40A29C7A831008B37E1 /* BooneMadLib2.app */ = {isa = PBXFileReference; explicitFileType = wrapper.application; includeInIndex = 0; path = BooneMadLib2.app; sourceTree = BUILT_PRODUCTS_DIR; };
		1800B40D29C7A831008B37E1 /* AppDelegate.swift */ = {isa = PBXFileReference; lastKnownFileType = sourcecode.swift; path = AppDelegate.swift; sourceTree = "<group>"; };
		1800B40F29C7A831008B37E1 /* SceneDelegate.swift */ = {isa = PBXFileReference; lastKnownFileType = sourcecode.swift; path = SceneDelegate.swift; sourceTree = "<group>"; };
		1800B41129C7A831008B37E1 /* ViewController.swift */ = {isa = PBXFileReference; lastKnownFileType = sourcecode.swift; path = ViewController.swift; sourceTree = "<group>"; };
		1800B41429C7A831008B37E1 /* Base */ = {isa = PBXFileReference; lastKnownFileType = file.storyboard; name = Base; path = Base.lproj/Main.storyboard; sourceTree = "<group>"; };
		1800B41629C7A832008B37E1 /* Assets.xcassets */ = {isa = PBXFileReference; lastKnownFileType = folder.assetcatalog; path = Assets.xcassets; sourceTree = "<group>"; };
		1800B41929C7A832008B37E1 /* Base */ = {isa = PBXFileReference; lastKnownFileType = file.storyboard; name = Base; path = Base.lproj/LaunchScreen.storyboard; sourceTree = "<group>"; };
		1800B41B29C7A832008B37E1 /* Info.plist */ = {isa = PBXFileReference; lastKnownFileType = text.plist.xml; path = Info.plist; sourceTree = "<group>"; };
		1800B42029C7A832008B37E1 /* BooneMadLib2Tests.xctest */ = {isa = PBXFileReference; explicitFileType = wrapper.cfbundle; includeInIndex = 0; path = BooneMadLib2Tests.xctest; sourceTree = BUILT_PRODUCTS_DIR; };
		1800B42429C7A832008B37E1 /* BooneMadLib2Tests.swift */ = {isa = PBXFileReference; lastKnownFileType = sourcecode.swift; path = BooneMadLib2Tests.swift; sourceTree = "<group>"; };
		1800B42A29C7A832008B37E1 /* BooneMadLib2UITests.xctest */ = {isa = PBXFileReference; explicitFileType = wrapper.cfbundle; includeInIndex = 0; path = BooneMadLib2UITests.xctest; sourceTree = BUILT_PRODUCTS_DIR; };
		1800B42E29C7A832008B37E1 /* BooneMadLib2UITests.swift */ = {isa = PBXFileReference; lastKnownFileType = sourcecode.swift; path = BooneMadLib2UITests.swift; sourceTree = "<group>"; };
		1800B43029C7A832008B37E1 /* BooneMadLib2UITestsLaunchTests.swift */ = {isa = PBXFileReference; lastKnownFileType = sourcecode.swift; path = BooneMadLib2UITestsLaunchTests.swift; sourceTree = "<group>"; };
/* End PBXFileReference section */

/* Begin PBXFrameworksBuildPhase section */
		1800B40729C7A831008B37E1 /* Frameworks */ = {
			isa = PBXFrameworksBuildPhase;
			buildActionMask = 2147483647;
			files = (
			);
			runOnlyForDeploymentPostprocessing = 0;
		};
		1800B41D29C7A832008B37E1 /* Frameworks */ = {
			isa = PBXFrameworksBuildPhase;
			buildActionMask = 2147483647;
			files = (
			);
			runOnlyForDeploymentPostprocessing = 0;
		};
		1800B42729C7A832008B37E1 /* Frameworks */ = {
			isa = PBXFrameworksBuildPhase;
			buildActionMask = 2147483647;
			files = (
			);
			runOnlyForDeploymentPostprocessing = 0;
		};
/* End PBXFrameworksBuildPhase section */

/* Begin PBXGroup section */
		1800B40129C7A831008B37E1 = {
			isa = PBXGroup;
			children = (
				1800B40C29C7A831008B37E1 /* BooneMadLib2 */,
				1800B42329C7A832008B37E1 /* BooneMadLib2Tests */,
				1800B42D29C7A832008B37E1 /* BooneMadLib2UITests */,
				1800B40B29C7A831008B37E1 /* Products */,
			);
			sourceTree = "<group>";
		};
		1800B40B29C7A831008B37E1 /* Products */ = {
			isa = PBXGroup;
			children = (
				1800B40A29C7A831008B37E1 /* BooneMadLib2.app */,
				1800B42029C7A832008B37E1 /* BooneMadLib2Tests.xctest */,
				1800B42A29C7A832008B37E1 /* BooneMadLib2UITests.xctest */,
			);
			name = Products;
			sourceTree = "<group>";
		};
		1800B40C29C7A831008B37E1 /* BooneMadLib2 */ = {
			isa = PBXGroup;
			children = (
				1800B40D29C7A831008B37E1 /* AppDelegate.swift */,
				1800B40F29C7A831008B37E1 /* SceneDelegate.swift */,
				1800B41129C7A831008B37E1 /* ViewController.swift */,
				1800B41329C7A831008B37E1 /* Main.storyboard */,
				1800B41629C7A832008B37E1 /* Assets.xcassets */,
				1800B41829C7A832008B37E1 /* LaunchScreen.storyboard */,
				1800B41B29C7A832008B37E1 /* Info.plist */,
			);
			path = BooneMadLib2;
			sourceTree = "<group>";
		};
		1800B42329C7A832008B37E1 /* BooneMadLib2Tests */ = {
			isa = PBXGroup;
			children = (
				1800B42429C7A832008B37E1 /* BooneMadLib2Tests.swift */,
			);
			path = BooneMadLib2Tests;
			sourceTree = "<group>";
		};
		1800B42D29C7A832008B37E1 /* BooneMadLib2UITests */ = {
			isa = PBXGroup;
			children = (
				1800B42E29C7A832008B37E1 /* BooneMadLib2UITests.swift */,
				1800B43029C7A832008B37E1 /* BooneMadLib2UITestsLaunchTests.swift */,
			);
			path = BooneMadLib2UITests;
			sourceTree = "<group>";
		};
/* End PBXGroup section */

/* Begin PBXNativeTarget section */
		1800B40929C7A831008B37E1 /* BooneMadLib2 */ = {
			isa = PBXNativeTarget;
			buildConfigurationList = 1800B43429C7A832008B37E1 /* Build configuration list for PBXNativeTarget "BooneMadLib2" */;
			buildPhases = (
				1800B40629C7A831008B37E1 /* Sources */,
				1800B40729C7A831008B37E1 /* Frameworks */,
				1800B40829C7A831008B37E1 /* Resources */,
			);
			buildRules = (
			);
			dependencies = (
			);
			name = BooneMadLib2;
			productName = BooneMadLib2;
			productReference = 1800B40A29C7A831008B37E1 /* BooneMadLib2.app */;
			productType = "com.apple.product-type.application";
		};
		1800B41F29C7A832008B37E1 /* BooneMadLib2Tests */ = {
			isa = PBXNativeTarget;
			buildConfigurationList = 1800B43729C7A832008B37E1 /* Build configuration list for PBXNativeTarget "BooneMadLib2Tests" */;
			buildPhases = (
				1800B41C29C7A832008B37E1 /* Sources */,
				1800B41D29C7A832008B37E1 /* Frameworks */,
				1800B41E29C7A832008B37E1 /* Resources */,
			);
			buildRules = (
			);
			dependencies = (
				1800B42229C7A832008B37E1 /* PBXTargetDependency */,
			);
			name = BooneMadLib2Tests;
			productName = BooneMadLib2Tests;
			productReference = 1800B42029C7A832008B37E1 /* BooneMadLib2Tests.xctest */;
			productType = "com.apple.product-type.bundle.unit-test";
		};
		1800B42929C7A832008B37E1 /* BooneMadLib2UITests */ = {
			isa = PBXNativeTarget;
			buildConfigurationList = 1800B43A29C7A832008B37E1 /* Build configuration list for PBXNativeTarget "BooneMadLib2UITests" */;
			buildPhases = (
				1800B42629C7A832008B37E1 /* Sources */,
				1800B42729C7A832008B37E1 /* Frameworks */,
				1800B42829C7A832008B37E1 /* Resources */,
			);
			buildRules = (
			);
			dependencies = (
				1800B42C29C7A832008B37E1 /* PBXTargetDependency */,
			);
			name = BooneMadLib2UITests;
			productName = BooneMadLib2UITests;
			productReference = 1800B42A29C7A832008B37E1 /* BooneMadLib2UITests.xctest */;
			productType = "com.apple.product-type.bundle.ui-testing";
		};
/* End PBXNativeTarget section */

/* Begin PBXProject section */
		1800B40229C7A831008B37E1 /* Project object */ = {
			isa = PBXProject;
			attributes = {
				BuildIndependentTargetsInParallel = 1;
				LastSwiftUpdateCheck = 1420;
				LastUpgradeCheck = 1420;
				TargetAttributes = {
					1800B40929C7A831008B37E1 = {
						CreatedOnToolsVersion = 14.2;
					};
					1800B41F29C7A832008B37E1 = {
						CreatedOnToolsVersion = 14.2;
						TestTargetID = 1800B40929C7A831008B37E1;
					};
					1800B42929C7A832008B37E1 = {
						CreatedOnToolsVersion = 14.2;
						TestTargetID = 1800B40929C7A831008B37E1;
					};
				};
			};
			buildConfigurationList = 1800B40529C7A831008B37E1 /* Build configuration list for PBXProject "BooneMadLib2" */;
			compatibilityVersion = "Xcode 14.0";
			developmentRegion = en;
			hasScannedForEncodings = 0;
			knownRegions = (
				en,
				Base,
			);
			mainGroup = 1800B40129C7A831008B37E1;
			productRefGroup = 1800B40B29C7A831008B37E1 /* Products */;
			projectDirPath = "";
			projectRoot = "";
			targets = (
				1800B40929C7A831008B37E1 /* BooneMadLib2 */,
				1800B41F29C7A832008B37E1 /* BooneMadLib2Tests */,
				1800B42929C7A832008B37E1 /* BooneMadLib2UITests */,
			);
		};
/* End PBXProject section */

/* Begin PBXResourcesBuildPhase section */
		1800B40829C7A831008B37E1 /* Resources */ = {
			isa = PBXResourcesBuildPhase;
			buildActionMask = 2147483647;
			files = (
				1800B41A29C7A832008B37E1 /* LaunchScreen.storyboard in Resources */,
				1800B41729C7A832008B37E1 /* Assets.xcassets in Resources */,
				1800B41529C7A831008B37E1 /* Main.storyboard in Resources */,
			);
			runOnlyForDeploymentPostprocessing = 0;
		};
		1800B41E29C7A832008B37E1 /* Resources */ = {
			isa = PBXResourcesBuildPhase;
			buildActionMask = 2147483647;
			files = (
			);
			runOnlyForDeploymentPostprocessing = 0;
		};
		1800B42829C7A832008B37E1 /* Resources */ = {
			isa = PBXResourcesBuildPhase;
			buildActionMask = 2147483647;
			files = (
			);
			runOnlyForDeploymentPostprocessing = 0;
		};
/* End PBXResourcesBuildPhase section */

/* Begin PBXSourcesBuildPhase section */
		1800B40629C7A831008B37E1 /* Sources */ = {
			isa = PBXSourcesBuildPhase;
			buildActionMask = 2147483647;
			files = (
				1800B41229C7A831008B37E1 /* ViewController.swift in Sources */,
				1800B40E29C7A831008B37E1 /* AppDelegate.swift in Sources */,
				1800B41029C7A831008B37E1 /* SceneDelegate.swift in Sources */,
			);
			runOnlyForDeploymentPostprocessing = 0;
		};
		1800B41C29C7A832008B37E1 /* Sources */ = {
			isa = PBXSourcesBuildPhase;
			buildActionMask = 2147483647;
			files = (
				1800B42529C7A832008B37E1 /* BooneMadLib2Tests.swift in Sources */,
			);
			runOnlyForDeploymentPostprocessing = 0;
		};
		1800B42629C7A832008B37E1 /* Sources */ = {
			isa = PBXSourcesBuildPhase;
			buildActionMask = 2147483647;
			files = (
				1800B43129C7A832008B37E1 /* BooneMadLib2UITestsLaunchTests.swift in Sources */,
				1800B42F29C7A832008B37E1 /* BooneMadLib2UITests.swift in Sources */,
			);
			runOnlyForDeploymentPostprocessing = 0;
		};
/* End PBXSourcesBuildPhase section */

/* Begin PBXTargetDependency section */
		1800B42229C7A832008B37E1 /* PBXTargetDependency */ = {
			isa = PBXTargetDependency;
			target = 1800B40929C7A831008B37E1 /* BooneMadLib2 */;
			targetProxy = 1800B42129C7A832008B37E1 /* PBXContainerItemProxy */;
		};
		1800B42C29C7A832008B37E1 /* PBXTargetDependency */ = {
			isa = PBXTargetDependency;
			target = 1800B40929C7A831008B37E1 /* BooneMadLib2 */;
			targetProxy = 1800B42B29C7A832008B37E1 /* PBXContainerItemProxy */;
		};
/* End PBXTargetDependency section */

/* Begin PBXVariantGroup section */
		1800B41329C7A831008B37E1 /* Main.storyboard */ = {
			isa = PBXVariantGroup;
			children = (
				1800B41429C7A831008B37E1 /* Base */,
			);
			name = Main.storyboard;
			sourceTree = "<group>";
		};
		1800B41829C7A832008B37E1 /* LaunchScreen.storyboard */ = {
			isa = PBXVariantGroup;
			children = (
				1800B41929C7A832008B37E1 /* Base */,
			);
			name = LaunchScreen.storyboard;
			sourceTree = "<group>";
		};
/* End PBXVariantGroup section */

/* Begin XCBuildConfiguration section */
		1800B43229C7A832008B37E1 /* Debug */ = {
			isa = XCBuildConfiguration;
			buildSettings = {
				ALWAYS_SEARCH_USER_PATHS = NO;
				CLANG_ANALYZER_NONNULL = YES;
				CLANG_ANALYZER_NUMBER_OBJECT_CONVERSION = YES_AGGRESSIVE;
				CLANG_CXX_LANGUAGE_STANDARD = "gnu++20";
				CLANG_ENABLE_MODULES = YES;
				CLANG_ENABLE_OBJC_ARC = YES;
				CLANG_ENABLE_OBJC_WEAK = YES;
				CLANG_WARN_BLOCK_CAPTURE_AUTORELEASING = YES;
				CLANG_WARN_BOOL_CONVERSION = YES;
				CLANG_WARN_COMMA = YES;
				CLANG_WARN_CONSTANT_CONVERSION = YES;
				CLANG_WARN_DEPRECATED_OBJC_IMPLEMENTATIONS = YES;
				CLANG_WARN_DIRECT_OBJC_ISA_USAGE = YES_ERROR;
				CLANG_WARN_DOCUMENTATION_COMMENTS = YES;
				CLANG_WARN_EMPTY_BODY = YES;
				CLANG_WARN_ENUM_CONVERSION = YES;
				CLANG_WARN_INFINITE_RECURSION = YES;
				CLANG_WARN_INT_CONVERSION = YES;
				CLANG_WARN_NON_LITERAL_NULL_CONVERSION = YES;
				CLANG_WARN_OBJC_IMPLICIT_RETAIN_SELF = YES;
				CLANG_WARN_OBJC_LITERAL_CONVERSION = YES;
				CLANG_WARN_OBJC_ROOT_CLASS = YES_ERROR;
				CLANG_WARN_QUOTED_INCLUDE_IN_FRAMEWORK_HEADER = YES;
				CLANG_WARN_RANGE_LOOP_ANALYSIS = YES;
				CLANG_WARN_STRICT_PROTOTYPES = YES;
				CLANG_WARN_SUSPICIOUS_MOVE = YES;
				CLANG_WARN_UNGUARDED_AVAILABILITY = YES_AGGRESSIVE;
				CLANG_WARN_UNREACHABLE_CODE = YES;
				CLANG_WARN__DUPLICATE_METHOD_MATCH = YES;
				COPY_PHASE_STRIP = NO;
				DEBUG_INFORMATION_FORMAT = dwarf;
				ENABLE_STRICT_OBJC_MSGSEND = YES;
				ENABLE_TESTABILITY = YES;
				GCC_C_LANGUAGE_STANDARD = gnu11;
				GCC_DYNAMIC_NO_PIC = NO;
				GCC_NO_COMMON_BLOCKS = YES;
				GCC_OPTIMIZATION_LEVEL = 0;
				GCC_PREPROCESSOR_DEFINITIONS = (
					"DEBUG=1",
					"$(inherited)",
				);
				GCC_WARN_64_TO_32_BIT_CONVERSION = YES;
				GCC_WARN_ABOUT_RETURN_TYPE = YES_ERROR;
				GCC_WARN_UNDECLARED_SELECTOR = YES;
				GCC_WARN_UNINITIALIZED_AUTOS = YES_AGGRESSIVE;
				GCC_WARN_UNUSED_FUNCTION = YES;
				GCC_WARN_UNUSED_VARIABLE = YES;
				IPHONEOS_DEPLOYMENT_TARGET = 16.2;
				MTL_ENABLE_DEBUG_INFO = INCLUDE_SOURCE;
				MTL_FAST_MATH = YES;
				ONLY_ACTIVE_ARCH = YES;
				SDKROOT = iphoneos;
				SWIFT_ACTIVE_COMPILATION_CONDITIONS = DEBUG;
				SWIFT_OPTIMIZATION_LEVEL = "-Onone";
			};
			name = Debug;
		};
		1800B43329C7A832008B37E1 /* Release */ = {
			isa = XCBuildConfiguration;
			buildSettings = {
				ALWAYS_SEARCH_USER_PATHS = NO;
				CLANG_ANALYZER_NONNULL = YES;
				CLANG_ANALYZER_NUMBER_OBJECT_CONVERSION = YES_AGGRESSIVE;
				CLANG_CXX_LANGUAGE_STANDARD = "gnu++20";
				CLANG_ENABLE_MODULES = YES;
				CLANG_ENABLE_OBJC_ARC = YES;
				CLANG_ENABLE_OBJC_WEAK = YES;
				CLANG_WARN_BLOCK_CAPTURE_AUTORELEASING = YES;
				CLANG_WARN_BOOL_CONVERSION = YES;
				CLANG_WARN_COMMA = YES;
				CLANG_WARN_CONSTANT_CONVERSION = YES;
				CLANG_WARN_DEPRECATED_OBJC_IMPLEMENTATIONS = YES;
				CLANG_WARN_DIRECT_OBJC_ISA_USAGE = YES_ERROR;
				CLANG_WARN_DOCUMENTATION_COMMENTS = YES;
				CLANG_WARN_EMPTY_BODY = YES;
				CLANG_WARN_ENUM_CONVERSION = YES;
				CLANG_WARN_INFINITE_RECURSION = YES;
				CLANG_WARN_INT_CONVERSION = YES;
				CLANG_WARN_NON_LITERAL_NULL_CONVERSION = YES;
				CLANG_WARN_OBJC_IMPLICIT_RETAIN_SELF = YES;
				CLANG_WARN_OBJC_LITERAL_CONVERSION = YES;
				CLANG_WARN_OBJC_ROOT_CLASS = YES_ERROR;
				CLANG_WARN_QUOTED_INCLUDE_IN_FRAMEWORK_HEADER = YES;
				CLANG_WARN_RANGE_LOOP_ANALYSIS = YES;
				CLANG_WARN_STRICT_PROTOTYPES = YES;
				CLANG_WARN_SUSPICIOUS_MOVE = YES;
				CLANG_WARN_UNGUARDED_AVAILABILITY = YES_AGGRESSIVE;
				CLANG_WARN_UNREACHABLE_CODE = YES;
				CLANG_WARN__DUPLICATE_METHOD_MATCH = YES;
				COPY_PHASE_STRIP = NO;
				DEBUG_INFORMATION_FORMAT = "dwarf-with-dsym";
				ENABLE_NS_ASSERTIONS = NO;
				ENABLE_STRICT_OBJC_MSGSEND = YES;
				GCC_C_LANGUAGE_STANDARD = gnu11;
				GCC_NO_COMMON_BLOCKS = YES;
				GCC_WARN_64_TO_32_BIT_CONVERSION = YES;
				GCC_WARN_ABOUT_RETURN_TYPE = YES_ERROR;
				GCC_WARN_UNDECLARED_SELECTOR = YES;
				GCC_WARN_UNINITIALIZED_AUTOS = YES_AGGRESSIVE;
				GCC_WARN_UNUSED_FUNCTION = YES;
				GCC_WARN_UNUSED_VARIABLE = YES;
				IPHONEOS_DEPLOYMENT_TARGET = 16.2;
				MTL_ENABLE_DEBUG_INFO = NO;
				MTL_FAST_MATH = YES;
				SDKROOT = iphoneos;
				SWIFT_COMPILATION_MODE = wholemodule;
				SWIFT_OPTIMIZATION_LEVEL = "-O";
				VALIDATE_PRODUCT = YES;
			};
			name = Release;
		};
		1800B43529C7A832008B37E1 /* Debug */ = {
			isa = XCBuildConfiguration;
			buildSettings = {
				ASSETCATALOG_COMPILER_APPICON_NAME = AppIcon;
				ASSETCATALOG_COMPILER_GLOBAL_ACCENT_COLOR_NAME = AccentColor;
				CODE_SIGN_STYLE = Automatic;
				CURRENT_PROJECT_VERSION = 1;
				DEVELOPMENT_TEAM = MP8DM6F98N;
				GENERATE_INFOPLIST_FILE = YES;
				INFOPLIST_FILE = BooneMadLib2/Info.plist;
				INFOPLIST_KEY_UIApplicationSupportsIndirectInputEvents = YES;
				INFOPLIST_KEY_UILaunchStoryboardName = LaunchScreen;
				INFOPLIST_KEY_UIMainStoryboardFile = Main;
				INFOPLIST_KEY_UISupportedInterfaceOrientations_iPad = "UIInterfaceOrientationPortrait UIInterfaceOrientationPortraitUpsideDown UIInterfaceOrientationLandscapeLeft UIInterfaceOrientationLandscapeRight";
				INFOPLIST_KEY_UISupportedInterfaceOrientations_iPhone = "UIInterfaceOrientationPortrait UIInterfaceOrientationLandscapeLeft UIInterfaceOrientationLandscapeRight";
				LD_RUNPATH_SEARCH_PATHS = (
					"$(inherited)",
					"@executable_path/Frameworks",
				);
				MARKETING_VERSION = 1.0;
				PRODUCT_BUNDLE_IDENTIFIER = DkairiBoone.BooneMadLib2;
				PRODUCT_NAME = "$(TARGET_NAME)";
				SWIFT_EMIT_LOC_STRINGS = YES;
				SWIFT_VERSION = 5.0;
				TARGETED_DEVICE_FAMILY = "1,2";
			};
			name = Debug;
		};
		1800B43629C7A832008B37E1 /* Release */ = {
			isa = XCBuildConfiguration;
			buildSettings = {
				ASSETCATALOG_COMPILER_APPICON_NAME = AppIcon;
				ASSETCATALOG_COMPILER_GLOBAL_ACCENT_COLOR_NAME = AccentColor;
				CODE_SIGN_STYLE = Automatic;
				CURRENT_PROJECT_VERSION = 1;
				DEVELOPMENT_TEAM = MP8DM6F98N;
				GENERATE_INFOPLIST_FILE = YES;
				INFOPLIST_FILE = BooneMadLib2/Info.plist;
				INFOPLIST_KEY_UIApplicationSupportsIndirectInputEvents = YES;
				INFOPLIST_KEY_UILaunchStoryboardName = LaunchScreen;
				INFOPLIST_KEY_UIMainStoryboardFile = Main;
				INFOPLIST_KEY_UISupportedInterfaceOrientations_iPad = "UIInterfaceOrientationPortrait UIInterfaceOrientationPortraitUpsideDown UIInterfaceOrientationLandscapeLeft UIInterfaceOrientationLandscapeRight";
				INFOPLIST_KEY_UISupportedInterfaceOrientations_iPhone = "UIInterfaceOrientationPortrait UIInterfaceOrientationLandscapeLeft UIInterfaceOrientationLandscapeRight";
				LD_RUNPATH_SEARCH_PATHS = (
					"$(inherited)",
					"@executable_path/Frameworks",
				);
				MARKETING_VERSION = 1.0;
				PRODUCT_BUNDLE_IDENTIFIER = DkairiBoone.BooneMadLib2;
				PRODUCT_NAME = "$(TARGET_NAME)";
				SWIFT_EMIT_LOC_STRINGS = YES;
				SWIFT_VERSION = 5.0;
				TARGETED_DEVICE_FAMILY = "1,2";
			};
			name = Release;
		};
		1800B43829C7A832008B37E1 /* Debug */ = {
			isa = XCBuildConfiguration;
			buildSettings = {
				ALWAYS_EMBED_SWIFT_STANDARD_LIBRARIES = YES;
				BUNDLE_LOADER = "$(TEST_HOST)";
				CODE_SIGN_STYLE = Automatic;
				CURRENT_PROJECT_VERSION = 1;
				DEVELOPMENT_TEAM = MP8DM6F98N;
				GENERATE_INFOPLIST_FILE = YES;
				IPHONEOS_DEPLOYMENT_TARGET = 16.2;
				MARKETING_VERSION = 1.0;
				PRODUCT_BUNDLE_IDENTIFIER = DkairiBoone.BooneMadLib2Tests;
				PRODUCT_NAME = "$(TARGET_NAME)";
				SWIFT_EMIT_LOC_STRINGS = NO;
				SWIFT_VERSION = 5.0;
				TARGETED_DEVICE_FAMILY = "1,2";
				TEST_HOST = "$(BUILT_PRODUCTS_DIR)/BooneMadLib2.app/$(BUNDLE_EXECUTABLE_FOLDER_PATH)/BooneMadLib2";
			};
			name = Debug;
		};
		1800B43929C7A832008B37E1 /* Release */ = {
			isa = XCBuildConfiguration;
			buildSettings = {
				ALWAYS_EMBED_SWIFT_STANDARD_LIBRARIES = YES;
				BUNDLE_LOADER = "$(TEST_HOST)";
				CODE_SIGN_STYLE = Automatic;
				CURRENT_PROJECT_VERSION = 1;
				DEVELOPMENT_TEAM = MP8DM6F98N;
				GENERATE_INFOPLIST_FILE = YES;
				IPHONEOS_DEPLOYMENT_TARGET = 16.2;
				MARKETING_VERSION = 1.0;
				PRODUCT_BUNDLE_IDENTIFIER = DkairiBoone.BooneMadLib2Tests;
				PRODUCT_NAME = "$(TARGET_NAME)";
				SWIFT_EMIT_LOC_STRINGS = NO;
				SWIFT_VERSION = 5.0;
				TARGETED_DEVICE_FAMILY = "1,2";
				TEST_HOST = "$(BUILT_PRODUCTS_DIR)/BooneMadLib2.app/$(BUNDLE_EXECUTABLE_FOLDER_PATH)/BooneMadLib2";
			};
			name = Release;
		};
		1800B43B29C7A832008B37E1 /* Debug */ = {
			isa = XCBuildConfiguration;
			buildSettings = {
				ALWAYS_EMBED_SWIFT_STANDARD_LIBRARIES = YES;
				CODE_SIGN_STYLE = Automatic;
				CURRENT_PROJECT_VERSION = 1;
				DEVELOPMENT_TEAM = MP8DM6F98N;
				GENERATE_INFOPLIST_FILE = YES;
				MARKETING_VERSION = 1.0;
				PRODUCT_BUNDLE_IDENTIFIER = DkairiBoone.BooneMadLib2UITests;
				PRODUCT_NAME = "$(TARGET_NAME)";
				SWIFT_EMIT_LOC_STRINGS = NO;
				SWIFT_VERSION = 5.0;
				TARGETED_DEVICE_FAMILY = "1,2";
				TEST_TARGET_NAME = BooneMadLib2;
			};
			name = Debug;
		};
		1800B43C29C7A832008B37E1 /* Release */ = {
			isa = XCBuildConfiguration;
			buildSettings = {
				ALWAYS_EMBED_SWIFT_STANDARD_LIBRARIES = YES;
				CODE_SIGN_STYLE = Automatic;
				CURRENT_PROJECT_VERSION = 1;
				DEVELOPMENT_TEAM = MP8DM6F98N;
				GENERATE_INFOPLIST_FILE = YES;
				MARKETING_VERSION = 1.0;
				PRODUCT_BUNDLE_IDENTIFIER = DkairiBoone.BooneMadLib2UITests;
				PRODUCT_NAME = "$(TARGET_NAME)";
				SWIFT_EMIT_LOC_STRINGS = NO;
				SWIFT_VERSION = 5.0;
				TARGETED_DEVICE_FAMILY = "1,2";
				TEST_TARGET_NAME = BooneMadLib2;
			};
			name = Release;
		};
/* End XCBuildConfiguration section */

/* Begin XCConfigurationList section */
		1800B40529C7A831008B37E1 /* Build configuration list for PBXProject "BooneMadLib2" */ = {
			isa = XCConfigurationList;
			buildConfigurations = (
				1800B43229C7A832008B37E1 /* Debug */,
				1800B43329C7A832008B37E1 /* Release */,
			);
			defaultConfigurationIsVisible = 0;
			defaultConfigurationName = Release;
		};
		1800B43429C7A832008B37E1 /* Build configuration list for PBXNativeTarget "BooneMadLib2" */ = {
			isa = XCConfigurationList;
			buildConfigurations = (
				1800B43529C7A832008B37E1 /* Debug */,
				1800B43629C7A832008B37E1 /* Release */,
			);
			defaultConfigurationIsVisible = 0;
			defaultConfigurationName = Release;
		};
		1800B43729C7A832008B37E1 /* Build configuration list for PBXNativeTarget "BooneMadLib2Tests" */ = {
			isa = XCConfigurationList;
			buildConfigurations = (
				1800B43829C7A832008B37E1 /* Debug */,
				1800B43929C7A832008B37E1 /* Release */,
			);
			defaultConfigurationIsVisible = 0;
			defaultConfigurationName = Release;
		};
		1800B43A29C7A832008B37E1 /* Build configuration list for PBXNativeTarget "BooneMadLib2UITests" */ = {
			isa = XCConfigurationList;
			buildConfigurations = (
				1800B43B29C7A832008B37E1 /* Debug */,
				1800B43C29C7A832008B37E1 /* Release */,
			);
			defaultConfigurationIsVisible = 0;
			defaultConfigurationName = Release;
		};
/* End XCConfigurationList section */
	};
	rootObject = 1800B40229C7A831008B37E1 /* Project object */;
}
